PODS:
  - Alamofire (5.4.3)
  - GEmojiPicker (1.0.0)
  - Moya (14.0.0):
    - Moya/Core (= 14.0.0)
  - Moya/Core (14.0.0):
    - Alamofire (~> 5.0)

DEPENDENCIES:
  - GEmojiPicker (from `https://github.com/Goeun1001/GEmojiPicker.git`, branch `master`)
  - Moya

SPEC REPOS:
  trunk:
    - Alamofire
    - Moya

EXTERNAL SOURCES:
  GEmojiPicker:
    :branch: master
    :git: https://github.com/Goeun1001/GEmojiPicker.git

CHECKOUT OPTIONS:
  GEmojiPicker:
    :commit: eedaf51a0150fa2ba1db918589a94e4fe1e950e5
    :git: https://github.com/Goeun1001/GEmojiPicker.git

SPEC CHECKSUMS:
  Alamofire: e447a2774a40c996748296fa2c55112fdbbc42f9
  GEmojiPicker: ec30e4d9036e84a0b5fa2aeb9440f1e60dc9b8e8
  Moya: 5b45dacb75adb009f97fde91c204c1e565d31916

PODFILE CHECKSUM: 5d760b28660e3127919722ba522f886c20f23d91

COCOAPODS: 1.10.1
